// !$*UTF8*$!
{
	archiveVersion = 1;
	classes = {
	};
	objectVersion = 55;
	objects = {

/* Begin PBXBuildFile section */
		8F0A598227F603E0009820C6 /* HeroViewModelDelegate.swift in Sources */ = {isa = PBXBuildFile; fileRef = 8F0A598127F603E0009820C6 /* HeroViewModelDelegate.swift */; };
		8F0A598627F60AA0009820C6 /* HeroViewModel.swift in Sources */ = {isa = PBXBuildFile; fileRef = 8F0A598527F60AA0009820C6 /* HeroViewModel.swift */; };
		8F13D89F27F51DEA004685DE /* AppDelegate.swift in Sources */ = {isa = PBXBuildFile; fileRef = 8F13D89E27F51DEA004685DE /* AppDelegate.swift */; };
		8F13D8A127F51DEA004685DE /* SceneDelegate.swift in Sources */ = {isa = PBXBuildFile; fileRef = 8F13D8A027F51DEA004685DE /* SceneDelegate.swift */; };
		8F13D8A327F51DEA004685DE /* ViewController.swift in Sources */ = {isa = PBXBuildFile; fileRef = 8F13D8A227F51DEA004685DE /* ViewController.swift */; };
		8F13D8A827F51DEC004685DE /* Assets.xcassets in Resources */ = {isa = PBXBuildFile; fileRef = 8F13D8A727F51DEC004685DE /* Assets.xcassets */; };
		8F13D8AB27F51DEC004685DE /* LaunchScreen.storyboard in Resources */ = {isa = PBXBuildFile; fileRef = 8F13D8A927F51DEC004685DE /* LaunchScreen.storyboard */; };
		8F13D8B427F51F46004685DE /* Constants.swift in Sources */ = {isa = PBXBuildFile; fileRef = 8F13D8B327F51F46004685DE /* Constants.swift */; };
		8F13D8B927F520EB004685DE /* URLRequestProtocol.swift in Sources */ = {isa = PBXBuildFile; fileRef = 8F13D8B827F520EB004685DE /* URLRequestProtocol.swift */; };
		8F13D8BB27F52160004685DE /* HTTPMethod.swift in Sources */ = {isa = PBXBuildFile; fileRef = 8F13D8BA27F52160004685DE /* HTTPMethod.swift */; };
		8F13D8BD27F5224F004685DE /* HomeRequest.swift in Sources */ = {isa = PBXBuildFile; fileRef = 8F13D8BC27F5224F004685DE /* HomeRequest.swift */; };
		8F13D8C027F523B3004685DE /* Environment.swift in Sources */ = {isa = PBXBuildFile; fileRef = 8F13D8BF27F523B3004685DE /* Environment.swift */; };
		8F13D8C227F52637004685DE /* MD5.swift in Sources */ = {isa = PBXBuildFile; fileRef = 8F13D8C127F52637004685DE /* MD5.swift */; };
		8F13D8C427F52883004685DE /* HeroListServiceProtocol.swift in Sources */ = {isa = PBXBuildFile; fileRef = 8F13D8C327F52883004685DE /* HeroListServiceProtocol.swift */; };
		8F13D8C727F529B6004685DE /* Hero.swift in Sources */ = {isa = PBXBuildFile; fileRef = 8F13D8C627F529B6004685DE /* Hero.swift */; };
		8F13D8C927F52A31004685DE /* HeroListService.swift in Sources */ = {isa = PBXBuildFile; fileRef = 8F13D8C827F52A31004685DE /* HeroListService.swift */; };
/* End PBXBuildFile section */

/* Begin PBXFileReference section */
		8F0A598127F603E0009820C6 /* HeroViewModelDelegate.swift */ = {isa = PBXFileReference; lastKnownFileType = sourcecode.swift; path = HeroViewModelDelegate.swift; sourceTree = "<group>"; };
		8F0A598527F60AA0009820C6 /* HeroViewModel.swift */ = {isa = PBXFileReference; lastKnownFileType = sourcecode.swift; path = HeroViewModel.swift; sourceTree = "<group>"; };
		8F13D89B27F51DEA004685DE /* Marvel.app */ = {isa = PBXFileReference; explicitFileType = wrapper.application; includeInIndex = 0; path = Marvel.app; sourceTree = BUILT_PRODUCTS_DIR; };
		8F13D89E27F51DEA004685DE /* AppDelegate.swift */ = {isa = PBXFileReference; lastKnownFileType = sourcecode.swift; path = AppDelegate.swift; sourceTree = "<group>"; };
		8F13D8A027F51DEA004685DE /* SceneDelegate.swift */ = {isa = PBXFileReference; lastKnownFileType = sourcecode.swift; path = SceneDelegate.swift; sourceTree = "<group>"; };
		8F13D8A227F51DEA004685DE /* ViewController.swift */ = {isa = PBXFileReference; lastKnownFileType = sourcecode.swift; path = ViewController.swift; sourceTree = "<group>"; };
		8F13D8A727F51DEC004685DE /* Assets.xcassets */ = {isa = PBXFileReference; lastKnownFileType = folder.assetcatalog; path = Assets.xcassets; sourceTree = "<group>"; };
		8F13D8AA27F51DEC004685DE /* Base */ = {isa = PBXFileReference; lastKnownFileType = file.storyboard; name = Base; path = Base.lproj/LaunchScreen.storyboard; sourceTree = "<group>"; };
		8F13D8AC27F51DEC004685DE /* Info.plist */ = {isa = PBXFileReference; lastKnownFileType = text.plist.xml; path = Info.plist; sourceTree = "<group>"; };
		8F13D8B327F51F46004685DE /* Constants.swift */ = {isa = PBXFileReference; lastKnownFileType = sourcecode.swift; path = Constants.swift; sourceTree = "<group>"; };
		8F13D8B827F520EB004685DE /* URLRequestProtocol.swift */ = {isa = PBXFileReference; lastKnownFileType = sourcecode.swift; path = URLRequestProtocol.swift; sourceTree = "<group>"; };
		8F13D8BA27F52160004685DE /* HTTPMethod.swift */ = {isa = PBXFileReference; lastKnownFileType = sourcecode.swift; path = HTTPMethod.swift; sourceTree = "<group>"; };
		8F13D8BC27F5224F004685DE /* HomeRequest.swift */ = {isa = PBXFileReference; lastKnownFileType = sourcecode.swift; path = HomeRequest.swift; sourceTree = "<group>"; };
		8F13D8BF27F523B3004685DE /* Environment.swift */ = {isa = PBXFileReference; lastKnownFileType = sourcecode.swift; path = Environment.swift; sourceTree = "<group>"; };
		8F13D8C127F52637004685DE /* MD5.swift */ = {isa = PBXFileReference; lastKnownFileType = sourcecode.swift; path = MD5.swift; sourceTree = "<group>"; };
		8F13D8C327F52883004685DE /* HeroListServiceProtocol.swift */ = {isa = PBXFileReference; lastKnownFileType = sourcecode.swift; path = HeroListServiceProtocol.swift; sourceTree = "<group>"; };
		8F13D8C627F529B6004685DE /* Hero.swift */ = {isa = PBXFileReference; lastKnownFileType = sourcecode.swift; path = Hero.swift; sourceTree = "<group>"; };
		8F13D8C827F52A31004685DE /* HeroListService.swift */ = {isa = PBXFileReference; lastKnownFileType = sourcecode.swift; path = HeroListService.swift; sourceTree = "<group>"; };
/* End PBXFileReference section */

/* Begin PBXFrameworksBuildPhase section */
		8F13D89827F51DEA004685DE /* Frameworks */ = {
			isa = PBXFrameworksBuildPhase;
			buildActionMask = 2147483647;
			files = (
			);
			runOnlyForDeploymentPostprocessing = 0;
		};
/* End PBXFrameworksBuildPhase section */

/* Begin PBXGroup section */
		8F0A598027F603BF009820C6 /* ViewModels */ = {
			isa = PBXGroup;
			children = (
				8F0A598127F603E0009820C6 /* HeroViewModelDelegate.swift */,
				8F0A598527F60AA0009820C6 /* HeroViewModel.swift */,
			);
			path = ViewModels;
			sourceTree = "<group>";
		};
		8F13D89227F51DEA004685DE = {
			isa = PBXGroup;
			children = (
				8F13D89D27F51DEA004685DE /* Marvel */,
				8F13D89C27F51DEA004685DE /* Products */,
			);
			sourceTree = "<group>";
		};
		8F13D89C27F51DEA004685DE /* Products */ = {
			isa = PBXGroup;
			children = (
				8F13D89B27F51DEA004685DE /* Marvel.app */,
			);
			name = Products;
			sourceTree = "<group>";
		};
		8F13D89D27F51DEA004685DE /* Marvel */ = {
			isa = PBXGroup;
			children = (
				8F0A598027F603BF009820C6 /* ViewModels */,
				8F13D8CA27F52D6F004685DE /* Scenes */,
				8F13D8C527F529AD004685DE /* Models */,
				8F13D8BE27F5238D004685DE /* Application */,
				8F13D8B527F5206C004685DE /* Network */,
				8F13D8B227F51F33004685DE /* Commons */,
				8F13D8A727F51DEC004685DE /* Assets.xcassets */,
				8F13D8A927F51DEC004685DE /* LaunchScreen.storyboard */,
				8F13D8AC27F51DEC004685DE /* Info.plist */,
			);
			path = Marvel;
			sourceTree = "<group>";
		};
		8F13D8B227F51F33004685DE /* Commons */ = {
			isa = PBXGroup;
			children = (
				8F13D8B327F51F46004685DE /* Constants.swift */,
				8F13D8C127F52637004685DE /* MD5.swift */,
			);
			path = Commons;
			sourceTree = "<group>";
		};
		8F13D8B527F5206C004685DE /* Network */ = {
			isa = PBXGroup;
			children = (
				8F13D8B627F5208E004685DE /* Services */,
			);
			path = Network;
			sourceTree = "<group>";
		};
		8F13D8B627F5208E004685DE /* Services */ = {
			isa = PBXGroup;
			children = (
				8F13D8B727F520C4004685DE /* Requests */,
				8F13D8C327F52883004685DE /* HeroListServiceProtocol.swift */,
				8F13D8C827F52A31004685DE /* HeroListService.swift */,
			);
			path = Services;
			sourceTree = "<group>";
		};
		8F13D8B727F520C4004685DE /* Requests */ = {
			isa = PBXGroup;
			children = (
				8F13D8B827F520EB004685DE /* URLRequestProtocol.swift */,
				8F13D8BA27F52160004685DE /* HTTPMethod.swift */,
				8F13D8BC27F5224F004685DE /* HomeRequest.swift */,
			);
			path = Requests;
			sourceTree = "<group>";
		};
		8F13D8BE27F5238D004685DE /* Application */ = {
			isa = PBXGroup;
			children = (
				8F13D89E27F51DEA004685DE /* AppDelegate.swift */,
				8F13D8A027F51DEA004685DE /* SceneDelegate.swift */,
				8F13D8BF27F523B3004685DE /* Environment.swift */,
			);
			path = Application;
			sourceTree = "<group>";
		};
		8F13D8C527F529AD004685DE /* Models */ = {
			isa = PBXGroup;
			children = (
				8F13D8C627F529B6004685DE /* Hero.swift */,
			);
			path = Models;
			sourceTree = "<group>";
		};
		8F13D8CA27F52D6F004685DE /* Scenes */ = {
			isa = PBXGroup;
			children = (
				8F13D8A227F51DEA004685DE /* ViewController.swift */,
			);
			path = Scenes;
			sourceTree = "<group>";
		};
/* End PBXGroup section */

/* Begin PBXNativeTarget section */
		8F13D89A27F51DEA004685DE /* Marvel */ = {
			isa = PBXNativeTarget;
			buildConfigurationList = 8F13D8AF27F51DEC004685DE /* Build configuration list for PBXNativeTarget "Marvel" */;
			buildPhases = (
				8F13D89727F51DEA004685DE /* Sources */,
				8F13D89827F51DEA004685DE /* Frameworks */,
				8F13D89927F51DEA004685DE /* Resources */,
			);
			buildRules = (
			);
			dependencies = (
			);
			name = Marvel;
			productName = Marvel;
			productReference = 8F13D89B27F51DEA004685DE /* Marvel.app */;
			productType = "com.apple.product-type.application";
		};
/* End PBXNativeTarget section */

/* Begin PBXProject section */
		8F13D89327F51DEA004685DE /* Project object */ = {
			isa = PBXProject;
			attributes = {
				BuildIndependentTargetsInParallel = 1;
				LastSwiftUpdateCheck = 1330;
				LastUpgradeCheck = 1330;
				TargetAttributes = {
					8F13D89A27F51DEA004685DE = {
						CreatedOnToolsVersion = 13.3;
					};
				};
			};
			buildConfigurationList = 8F13D89627F51DEA004685DE /* Build configuration list for PBXProject "Marvel" */;
			compatibilityVersion = "Xcode 13.0";
			developmentRegion = en;
			hasScannedForEncodings = 0;
			knownRegions = (
				en,
				Base,
			);
			mainGroup = 8F13D89227F51DEA004685DE;
			productRefGroup = 8F13D89C27F51DEA004685DE /* Products */;
			projectDirPath = "";
			projectRoot = "";
			targets = (
				8F13D89A27F51DEA004685DE /* Marvel */,
			);
		};
/* End PBXProject section */

/* Begin PBXResourcesBuildPhase section */
		8F13D89927F51DEA004685DE /* Resources */ = {
			isa = PBXResourcesBuildPhase;
			buildActionMask = 2147483647;
			files = (
				8F13D8AB27F51DEC004685DE /* LaunchScreen.storyboard in Resources */,
				8F13D8A827F51DEC004685DE /* Assets.xcassets in Resources */,
			);
			runOnlyForDeploymentPostprocessing = 0;
		};
/* End PBXResourcesBuildPhase section */

/* Begin PBXSourcesBuildPhase section */
		8F13D89727F51DEA004685DE /* Sources */ = {
			isa = PBXSourcesBuildPhase;
			buildActionMask = 2147483647;
			files = (
				8F13D8A327F51DEA004685DE /* ViewController.swift in Sources */,
				8F13D8C027F523B3004685DE /* Environment.swift in Sources */,
				8F13D89F27F51DEA004685DE /* AppDelegate.swift in Sources */,
				8F13D8BB27F52160004685DE /* HTTPMethod.swift in Sources */,
				8F0A598227F603E0009820C6 /* HeroViewModelDelegate.swift in Sources */,
				8F13D8A127F51DEA004685DE /* SceneDelegate.swift in Sources */,
				8F13D8C227F52637004685DE /* MD5.swift in Sources */,
				8F13D8C727F529B6004685DE /* Hero.swift in Sources */,
				8F0A598627F60AA0009820C6 /* HeroViewModel.swift in Sources */,
				8F13D8B927F520EB004685DE /* URLRequestProtocol.swift in Sources */,
				8F13D8C427F52883004685DE /* HeroListServiceProtocol.swift in Sources */,
				8F13D8B427F51F46004685DE /* Constants.swift in Sources */,
				8F13D8BD27F5224F004685DE /* HomeRequest.swift in Sources */,
				8F13D8C927F52A31004685DE /* HeroListService.swift in Sources */,
			);
			runOnlyForDeploymentPostprocessing = 0;
		};
/* End PBXSourcesBuildPhase section */

/* Begin PBXVariantGroup section */
		8F13D8A927F51DEC004685DE /* LaunchScreen.storyboard */ = {
			isa = PBXVariantGroup;
			children = (
				8F13D8AA27F51DEC004685DE /* Base */,
			);
			name = LaunchScreen.storyboard;
			sourceTree = "<group>";
		};
/* End PBXVariantGroup section */

/* Begin XCBuildConfiguration section */
		8F13D8AD27F51DEC004685DE /* Debug */ = {
			isa = XCBuildConfiguration;
			buildSettings = {
				ALWAYS_SEARCH_USER_PATHS = NO;
				CLANG_ANALYZER_NONNULL = YES;
				CLANG_ANALYZER_NUMBER_OBJECT_CONVERSION = YES_AGGRESSIVE;
				CLANG_CXX_LANGUAGE_STANDARD = "gnu++17";
				CLANG_ENABLE_MODULES = YES;
				CLANG_ENABLE_OBJC_ARC = YES;
				CLANG_ENABLE_OBJC_WEAK = YES;
				CLANG_WARN_BLOCK_CAPTURE_AUTORELEASING = YES;
				CLANG_WARN_BOOL_CONVERSION = YES;
				CLANG_WARN_COMMA = YES;
				CLANG_WARN_CONSTANT_CONVERSION = YES;
				CLANG_WARN_DEPRECATED_OBJC_IMPLEMENTATIONS = YES;
				CLANG_WARN_DIRECT_OBJC_ISA_USAGE = YES_ERROR;
				CLANG_WARN_DOCUMENTATION_COMMENTS = YES;
				CLANG_WARN_EMPTY_BODY = YES;
				CLANG_WARN_ENUM_CONVERSION = YES;
				CLANG_WARN_INFINITE_RECURSION = YES;
				CLANG_WARN_INT_CONVERSION = YES;
				CLANG_WARN_NON_LITERAL_NULL_CONVERSION = YES;
				CLANG_WARN_OBJC_IMPLICIT_RETAIN_SELF = YES;
				CLANG_WARN_OBJC_LITERAL_CONVERSION = YES;
				CLANG_WARN_OBJC_ROOT_CLASS = YES_ERROR;
				CLANG_WARN_QUOTED_INCLUDE_IN_FRAMEWORK_HEADER = YES;
				CLANG_WARN_RANGE_LOOP_ANALYSIS = YES;
				CLANG_WARN_STRICT_PROTOTYPES = YES;
				CLANG_WARN_SUSPICIOUS_MOVE = YES;
				CLANG_WARN_UNGUARDED_AVAILABILITY = YES_AGGRESSIVE;
				CLANG_WARN_UNREACHABLE_CODE = YES;
				CLANG_WARN__DUPLICATE_METHOD_MATCH = YES;
				COPY_PHASE_STRIP = NO;
				DEBUG_INFORMATION_FORMAT = dwarf;
				ENABLE_STRICT_OBJC_MSGSEND = YES;
				ENABLE_TESTABILITY = YES;
				GCC_C_LANGUAGE_STANDARD = gnu11;
				GCC_DYNAMIC_NO_PIC = NO;
				GCC_NO_COMMON_BLOCKS = YES;
				GCC_OPTIMIZATION_LEVEL = 0;
				GCC_PREPROCESSOR_DEFINITIONS = (
					"DEBUG=1",
					"$(inherited)",
				);
				GCC_WARN_64_TO_32_BIT_CONVERSION = YES;
				GCC_WARN_ABOUT_RETURN_TYPE = YES_ERROR;
				GCC_WARN_UNDECLARED_SELECTOR = YES;
				GCC_WARN_UNINITIALIZED_AUTOS = YES_AGGRESSIVE;
				GCC_WARN_UNUSED_FUNCTION = YES;
				GCC_WARN_UNUSED_VARIABLE = YES;
				IPHONEOS_DEPLOYMENT_TARGET = 15.4;
				MTL_ENABLE_DEBUG_INFO = INCLUDE_SOURCE;
				MTL_FAST_MATH = YES;
				ONLY_ACTIVE_ARCH = YES;
				SDKROOT = iphoneos;
				SWIFT_ACTIVE_COMPILATION_CONDITIONS = DEBUG;
				SWIFT_OPTIMIZATION_LEVEL = "-Onone";
			};
			name = Debug;
		};
		8F13D8AE27F51DEC004685DE /* Release */ = {
			isa = XCBuildConfiguration;
			buildSettings = {
				ALWAYS_SEARCH_USER_PATHS = NO;
				CLANG_ANALYZER_NONNULL = YES;
				CLANG_ANALYZER_NUMBER_OBJECT_CONVERSION = YES_AGGRESSIVE;
				CLANG_CXX_LANGUAGE_STANDARD = "gnu++17";
				CLANG_ENABLE_MODULES = YES;
				CLANG_ENABLE_OBJC_ARC = YES;
				CLANG_ENABLE_OBJC_WEAK = YES;
				CLANG_WARN_BLOCK_CAPTURE_AUTORELEASING = YES;
				CLANG_WARN_BOOL_CONVERSION = YES;
				CLANG_WARN_COMMA = YES;
				CLANG_WARN_CONSTANT_CONVERSION = YES;
				CLANG_WARN_DEPRECATED_OBJC_IMPLEMENTATIONS = YES;
				CLANG_WARN_DIRECT_OBJC_ISA_USAGE = YES_ERROR;
				CLANG_WARN_DOCUMENTATION_COMMENTS = YES;
				CLANG_WARN_EMPTY_BODY = YES;
				CLANG_WARN_ENUM_CONVERSION = YES;
				CLANG_WARN_INFINITE_RECURSION = YES;
				CLANG_WARN_INT_CONVERSION = YES;
				CLANG_WARN_NON_LITERAL_NULL_CONVERSION = YES;
				CLANG_WARN_OBJC_IMPLICIT_RETAIN_SELF = YES;
				CLANG_WARN_OBJC_LITERAL_CONVERSION = YES;
				CLANG_WARN_OBJC_ROOT_CLASS = YES_ERROR;
				CLANG_WARN_QUOTED_INCLUDE_IN_FRAMEWORK_HEADER = YES;
				CLANG_WARN_RANGE_LOOP_ANALYSIS = YES;
				CLANG_WARN_STRICT_PROTOTYPES = YES;
				CLANG_WARN_SUSPICIOUS_MOVE = YES;
				CLANG_WARN_UNGUARDED_AVAILABILITY = YES_AGGRESSIVE;
				CLANG_WARN_UNREACHABLE_CODE = YES;
				CLANG_WARN__DUPLICATE_METHOD_MATCH = YES;
				COPY_PHASE_STRIP = NO;
				DEBUG_INFORMATION_FORMAT = "dwarf-with-dsym";
				ENABLE_NS_ASSERTIONS = NO;
				ENABLE_STRICT_OBJC_MSGSEND = YES;
				GCC_C_LANGUAGE_STANDARD = gnu11;
				GCC_NO_COMMON_BLOCKS = YES;
				GCC_WARN_64_TO_32_BIT_CONVERSION = YES;
				GCC_WARN_ABOUT_RETURN_TYPE = YES_ERROR;
				GCC_WARN_UNDECLARED_SELECTOR = YES;
				GCC_WARN_UNINITIALIZED_AUTOS = YES_AGGRESSIVE;
				GCC_WARN_UNUSED_FUNCTION = YES;
				GCC_WARN_UNUSED_VARIABLE = YES;
				IPHONEOS_DEPLOYMENT_TARGET = 15.4;
				MTL_ENABLE_DEBUG_INFO = NO;
				MTL_FAST_MATH = YES;
				SDKROOT = iphoneos;
				SWIFT_COMPILATION_MODE = wholemodule;
				SWIFT_OPTIMIZATION_LEVEL = "-O";
				VALIDATE_PRODUCT = YES;
			};
			name = Release;
		};
		8F13D8B027F51DEC004685DE /* Debug */ = {
			isa = XCBuildConfiguration;
			buildSettings = {
				ASSETCATALOG_COMPILER_APPICON_NAME = AppIcon;
				ASSETCATALOG_COMPILER_GLOBAL_ACCENT_COLOR_NAME = AccentColor;
				CODE_SIGN_STYLE = Automatic;
				CURRENT_PROJECT_VERSION = 1;
				DEVELOPMENT_TEAM = PWY5J637BZ;
				GENERATE_INFOPLIST_FILE = YES;
				INFOPLIST_FILE = Marvel/Info.plist;
				INFOPLIST_KEY_UIApplicationSupportsIndirectInputEvents = YES;
				INFOPLIST_KEY_UILaunchStoryboardName = LaunchScreen;
				INFOPLIST_KEY_UISupportedInterfaceOrientations_iPad = "UIInterfaceOrientationPortrait UIInterfaceOrientationPortraitUpsideDown UIInterfaceOrientationLandscapeLeft UIInterfaceOrientationLandscapeRight";
				INFOPLIST_KEY_UISupportedInterfaceOrientations_iPhone = "UIInterfaceOrientationPortrait UIInterfaceOrientationLandscapeLeft UIInterfaceOrientationLandscapeRight";
				IPHONEOS_DEPLOYMENT_TARGET = 13.0;
				LD_RUNPATH_SEARCH_PATHS = (
					"$(inherited)",
					"@executable_path/Frameworks",
				);
				MARKETING_VERSION = 1.0;
				PRODUCT_BUNDLE_IDENTIFIER = com.doug.Marvel;
				PRODUCT_NAME = "$(TARGET_NAME)";
				SWIFT_EMIT_LOC_STRINGS = YES;
				SWIFT_VERSION = 5.0;
				TARGETED_DEVICE_FAMILY = 1;
			};
			name = Debug;
		};
		8F13D8B127F51DEC004685DE /* Release */ = {
			isa = XCBuildConfiguration;
			buildSettings = {
				ASSETCATALOG_COMPILER_APPICON_NAME = AppIcon;
				ASSETCATALOG_COMPILER_GLOBAL_ACCENT_COLOR_NAME = AccentColor;
				CODE_SIGN_STYLE = Automatic;
				CURRENT_PROJECT_VERSION = 1;
				DEVELOPMENT_TEAM = PWY5J637BZ;
				GENERATE_INFOPLIST_FILE = YES;
				INFOPLIST_FILE = Marvel/Info.plist;
				INFOPLIST_KEY_UIApplicationSupportsIndirectInputEvents = YES;
				INFOPLIST_KEY_UILaunchStoryboardName = LaunchScreen;
				INFOPLIST_KEY_UISupportedInterfaceOrientations_iPad = "UIInterfaceOrientationPortrait UIInterfaceOrientationPortraitUpsideDown UIInterfaceOrientationLandscapeLeft UIInterfaceOrientationLandscapeRight";
				INFOPLIST_KEY_UISupportedInterfaceOrientations_iPhone = "UIInterfaceOrientationPortrait UIInterfaceOrientationLandscapeLeft UIInterfaceOrientationLandscapeRight";
				IPHONEOS_DEPLOYMENT_TARGET = 13.0;
				LD_RUNPATH_SEARCH_PATHS = (
					"$(inherited)",
					"@executable_path/Frameworks",
				);
				MARKETING_VERSION = 1.0;
				PRODUCT_BUNDLE_IDENTIFIER = com.doug.Marvel;
				PRODUCT_NAME = "$(TARGET_NAME)";
				SWIFT_EMIT_LOC_STRINGS = YES;
				SWIFT_VERSION = 5.0;
				TARGETED_DEVICE_FAMILY = 1;
			};
			name = Release;
		};
/* End XCBuildConfiguration section */

/* Begin XCConfigurationList section */
		8F13D89627F51DEA004685DE /* Build configuration list for PBXProject "Marvel" */ = {
			isa = XCConfigurationList;
			buildConfigurations = (
				8F13D8AD27F51DEC004685DE /* Debug */,
				8F13D8AE27F51DEC004685DE /* Release */,
			);
			defaultConfigurationIsVisible = 0;
			defaultConfigurationName = Release;
		};
		8F13D8AF27F51DEC004685DE /* Build configuration list for PBXNativeTarget "Marvel" */ = {
			isa = XCConfigurationList;
			buildConfigurations = (
				8F13D8B027F51DEC004685DE /* Debug */,
				8F13D8B127F51DEC004685DE /* Release */,
			);
			defaultConfigurationIsVisible = 0;
			defaultConfigurationName = Release;
		};
/* End XCConfigurationList section */
	};
	rootObject = 8F13D89327F51DEA004685DE /* Project object */;
}
